
Microsoft Visual Studio Solution File, Format Version 12.00
# Visual Studio Version 17
VisualStudioVersion = 17.8.34525.116
MinimumVisualStudioVersion = 10.0.40219.1
Project("{FAE04EC0-301F-11D3-BF4B-00C04F79EFBC}") = "WindowsFormsApp2", "WindowsFormsApp2\WindowsFormsApp2.csproj", "{FC4F80B9-991C-4D1B-A788-1DADA39551C5}"
EndProject
Global
	GlobalSection(SolutionConfigurationPlatforms) = preSolution
		Debug|Any CPU = Debug|Any CPU
		Release|Any CPU = Release|Any CPU
	EndGlobalSection
	GlobalSection(ProjectConfigurationPlatforms) = postSolution
		{FC4F80B9-991C-4D1B-A788-1DADA39551C5}.Debug|Any CPU.ActiveCfg = Debug|Any CPU
		{FC4F80B9-991C-4D1B-A788-1DADA39551C5}.Debug|Any CPU.Build.0 = Debug|Any CPU
		{FC4F80B9-991C-4D1B-A788-1DADA39551C5}.Release|Any CPU.ActiveCfg = Release|Any CPU
		{FC4F80B9-991C-4D1B-A788-1DADA39551C5}.Release|Any CPU.Build.0 = Release|Any CPU
	EndGlobalSection
	GlobalSection(SolutionProperties) = preSolution
		HideSolutionNode = FALSE
	EndGlobalSection
	GlobalSection(ExtensibilityGlobals) = postSolution
		SolutionGuid = {B63CE269-ADB6-48C3-9FE1-7E4C7B10D26D}
	EndGlobalSection
EndGlobal
